{
    "_readme": [
        "This file locks the dependencies of your project to a known state",
        "Read more about it at https://getcomposer.org/doc/01-basic-usage.md#composer-lock-the-lock-file",
        "This file is @generated automatically"
    ],
    "content-hash": "5cccf9932106a7c885d95ac0e6afee7d",
    "packages": [
        {
            "name": "user3581488/meetup",
            "version": "master",
            "source": {
                "type": "git",
                "url": "git@github.com:user3581488/Meetup.git",
                "reference": "master"
            },
            "type": "library",
            "time": "2017-04-06T22:46:50+00:00"
        }
    ],
    "packages-dev": [],
    "aliases": [],
    "minimum-stability": "stable",
    "stability-flags": {
        "user3581488/meetup": 20
    },
    "prefer-stable": false,
    "prefer-lowest": false,
    "platform": [],
    "platform-dev": []
}
